{
  "requires": true,
  "lockfileVersion": 1,
  "dependencies": {
    "@tauri-apps/api": {
      "version": "1.0.0-rc.6",
      "resolved": "https://registry.npmjs.org/@tauri-apps/api/-/api-1.0.0-rc.6.tgz",
      "integrity": "sha512-/PbVs3/dUzid0/1XbML8tAkRSOmp+6Gv9ql02HGt3aIjNTvaL2902qEbiTX6xK++3oUoKJJ88t+V6IiNd1JUkw==",
      "requires": {
        "type-fest": "2.12.2"
      }
    },
    "type-fest": {
      "version": "2.12.2",
      "resolved": "https://registry.npmjs.org/type-fest/-/type-fest-2.12.2.tgz",
      "integrity": "sha512-qt6ylCGpLjZ7AaODxbpyBZSs9fCI9SkL3Z9q2oxMBQhs/uyY+VD8jHA8ULCGmWQJlBgqvO3EJeAngOHD8zQCrQ=="
    }
  }
}
